<?xml version="1.0" encoding="utf-8"?>
<Project ToolsVersion="4.0" xmlns="http://schemas.microsoft.com/developer/msbuild/2003">
  <ItemGroup>
    <Filter Include="Файлы исходного кода">
      <UniqueIdentifier>{4FC737F1-C7A5-4376-A066-2A32D752A2FF}</UniqueIdentifier>
      <Extensions>cpp;c;cc;cxx;def;odl;idl;hpj;bat;asm;asmx</Extensions>
    </Filter>
    <Filter Include="Заголовочные файлы">
      <UniqueIdentifier>{93995380-89BD-4b04-88EB-625FBE52EBFB}</UniqueIdentifier>
      <Extensions>h;hh;hpp;hxx;hm;inl;inc;xsd</Extensions>
    </Filter>
    <Filter Include="Файлы ресурсов">
      <UniqueIdentifier>{67DA6AB6-F800-4c08-8B7A-83BB121AAD01}</UniqueIdentifier>
      <Extensions>rc;ico;cur;bmp;dlg;rc2;rct;bin;rgs;gif;jpg;jpeg;jpe;resx;tiff;tif;png;wav;mfcribbon-ms</Extensions>
    </Filter>
  </ItemGroup>
  <ItemGroup>
    <ClCompile Include="stdafx.cpp">
      <Filter>Файлы исходного кода</Filter>
    </ClCompile>
    <ClCompile Include="mainform.cpp">
      <Filter>Файлы исходного кода</Filter>
    </ClCompile>
    <ClCompile Include="mlpnetwork.cpp">
      <Filter>Файлы исходного кода</Filter>
    </ClCompile>
    <ClCompile Include="activationfunction.cpp">
      <Filter>Файлы исходного кода</Filter>
    </ClCompile>
    <ClCompile Include="networkdataset.cpp">
      <Filter>Файлы исходного кода</Filter>
    </ClCompile>
    <ClCompile Include="propagation.cpp">
      <Filter>Файлы исходного кода</Filter>
    </ClCompile>
    <ClCompile Include="resilientpropagation.cpp">
      <Filter>Файлы исходного кода</Filter>
    </ClCompile>
    <ClCompile Include="backpropagation.cpp">
      <Filter>Файлы исходного кода</Filter>
    </ClCompile>
    <ClCompile Include="networkprediction.cpp">
      <Filter>Файлы исходного кода</Filter>
    </ClCompile>
  </ItemGroup>
  <ItemGroup>
    <ClInclude Include="stdafx.h">
      <Filter>Заголовочные файлы</Filter>
    </ClInclude>
    <ClInclude Include="inetworktraining.h">
      <Filter>Заголовочные файлы</Filter>
    </ClInclude>
    <ClInclude Include="matrixhelper.h">
      <Filter>Заголовочные файлы</Filter>
    </ClInclude>
    <ClInclude Include="mainform.h">
      <Filter>Заголовочные файлы</Filter>
    </ClInclude>
    <ClInclude Include="activationfunction.h">
      <Filter>Заголовочные файлы</Filter>
    </ClInclude>
    <ClInclude Include="networkdataset.h">
      <Filter>Заголовочные файлы</Filter>
    </ClInclude>
    <ClInclude Include="propagation.h">
      <Filter>Заголовочные файлы</Filter>
    </ClInclude>
    <ClInclude Include="mlpnetwork.h">
      <Filter>Заголовочные файлы</Filter>
    </ClInclude>
    <ClInclude Include="resilientpropagation.h">
      <Filter>Заголовочные файлы</Filter>
    </ClInclude>
    <ClInclude Include="backpropagation.h">
      <Filter>Заголовочные файлы</Filter>
    </ClInclude>
    <ClInclude Include="networkprediction.h">
      <Filter>Заголовочные файлы</Filter>
    </ClInclude>
  </ItemGroup>
  <ItemGroup>
    <Text Include="InputData.txt" />
  </ItemGroup>
  <ItemGroup>
    <EmbeddedResource Include="mainform.resx">
      <Filter>Файлы ресурсов</Filter>
    </EmbeddedResource>
  </ItemGroup>
</Project>